// !$*UTF8*$!
{
	archiveVersion = 1;
	classes = {
	};
	objectVersion = 55;
	objects = {

/* Begin PBXBuildFile section */
		338A6965D0171B89103FA903 /* Pods_StockApp.framework in Frameworks */ = {isa = PBXBuildFile; fileRef = B601233370397BB208D854F3 /* Pods_StockApp.framework */; };
		F40AC0622792D6C9004A73F9 /* AppDelegate.swift in Sources */ = {isa = PBXBuildFile; fileRef = F40AC0612792D6C9004A73F9 /* AppDelegate.swift */; };
		F40AC0642792D6C9004A73F9 /* SceneDelegate.swift in Sources */ = {isa = PBXBuildFile; fileRef = F40AC0632792D6C9004A73F9 /* SceneDelegate.swift */; };
		F40AC0662792D6C9004A73F9 /* HomeVC.swift in Sources */ = {isa = PBXBuildFile; fileRef = F40AC0652792D6C9004A73F9 /* HomeVC.swift */; };
		F40AC0692792D6C9004A73F9 /* Main.storyboard in Resources */ = {isa = PBXBuildFile; fileRef = F40AC0672792D6C9004A73F9 /* Main.storyboard */; };
		F40AC06B2792D6CB004A73F9 /* Assets.xcassets in Resources */ = {isa = PBXBuildFile; fileRef = F40AC06A2792D6CB004A73F9 /* Assets.xcassets */; };
		F40AC06E2792D6CB004A73F9 /* LaunchScreen.storyboard in Resources */ = {isa = PBXBuildFile; fileRef = F40AC06C2792D6CB004A73F9 /* LaunchScreen.storyboard */; };
		F49253BD27A67C4300ED93ED /* StockListModelTest.swift in Sources */ = {isa = PBXBuildFile; fileRef = F49253BC27A67C4300ED93ED /* StockListModelTest.swift */; };
		F4AFD26C27A164FC00701EE8 /* Coordinator.swift in Sources */ = {isa = PBXBuildFile; fileRef = F4AFD26B27A164FC00701EE8 /* Coordinator.swift */; };
		F4AFD26E27A169E100701EE8 /* FeedsVC.swift in Sources */ = {isa = PBXBuildFile; fileRef = F4AFD26D27A169E100701EE8 /* FeedsVC.swift */; };
		F4AFD27027A19BC600701EE8 /* Storyboard.swift in Sources */ = {isa = PBXBuildFile; fileRef = F4AFD26F27A19BC600701EE8 /* Storyboard.swift */; };
		F4B68CD927945C0800F8819F /* Stock.swift in Sources */ = {isa = PBXBuildFile; fileRef = F4B68CD827945C0800F8819F /* Stock.swift */; };
		F4B68CDB27945C1600F8819F /* StockViewModel.swift in Sources */ = {isa = PBXBuildFile; fileRef = F4B68CDA27945C1600F8819F /* StockViewModel.swift */; };
		F4B68CDE27945C6E00F8819F /* Webservice.swift in Sources */ = {isa = PBXBuildFile; fileRef = F4B68CDD27945C6E00F8819F /* Webservice.swift */; };
		F4B68CE027945CBE00F8819F /* StockListViewModel.swift in Sources */ = {isa = PBXBuildFile; fileRef = F4B68CDF27945CBE00F8819F /* StockListViewModel.swift */; };
/* End PBXBuildFile section */

/* Begin PBXFileReference section */
		9E03658C062D146763EFC779 /* Pods-StockApp.debug.xcconfig */ = {isa = PBXFileReference; includeInIndex = 1; lastKnownFileType = text.xcconfig; name = "Pods-StockApp.debug.xcconfig"; path = "Target Support Files/Pods-StockApp/Pods-StockApp.debug.xcconfig"; sourceTree = "<group>"; };
		B601233370397BB208D854F3 /* Pods_StockApp.framework */ = {isa = PBXFileReference; explicitFileType = wrapper.framework; includeInIndex = 0; path = Pods_StockApp.framework; sourceTree = BUILT_PRODUCTS_DIR; };
		F40AC05E2792D6C9004A73F9 /* StockApp.app */ = {isa = PBXFileReference; explicitFileType = wrapper.application; includeInIndex = 0; path = StockApp.app; sourceTree = BUILT_PRODUCTS_DIR; };
		F40AC0612792D6C9004A73F9 /* AppDelegate.swift */ = {isa = PBXFileReference; lastKnownFileType = sourcecode.swift; path = AppDelegate.swift; sourceTree = "<group>"; };
		F40AC0632792D6C9004A73F9 /* SceneDelegate.swift */ = {isa = PBXFileReference; lastKnownFileType = sourcecode.swift; path = SceneDelegate.swift; sourceTree = "<group>"; };
		F40AC0652792D6C9004A73F9 /* HomeVC.swift */ = {isa = PBXFileReference; lastKnownFileType = sourcecode.swift; path = HomeVC.swift; sourceTree = "<group>"; };
		F40AC0682792D6C9004A73F9 /* Base */ = {isa = PBXFileReference; lastKnownFileType = file.storyboard; name = Base; path = Base.lproj/Main.storyboard; sourceTree = "<group>"; };
		F40AC06A2792D6CB004A73F9 /* Assets.xcassets */ = {isa = PBXFileReference; lastKnownFileType = folder.assetcatalog; path = Assets.xcassets; sourceTree = "<group>"; };
		F40AC06D2792D6CB004A73F9 /* Base */ = {isa = PBXFileReference; lastKnownFileType = file.storyboard; name = Base; path = Base.lproj/LaunchScreen.storyboard; sourceTree = "<group>"; };
		F40AC06F2792D6CB004A73F9 /* Info.plist */ = {isa = PBXFileReference; lastKnownFileType = text.plist.xml; path = Info.plist; sourceTree = "<group>"; };
		F49253BC27A67C4300ED93ED /* StockListModelTest.swift */ = {isa = PBXFileReference; lastKnownFileType = sourcecode.swift; path = StockListModelTest.swift; sourceTree = "<group>"; };
		F4A5BAD627A7F3D20002F86C /* XCTest.framework */ = {isa = PBXFileReference; lastKnownFileType = wrapper.framework; name = XCTest.framework; path = Platforms/iPhoneOS.platform/Developer/Library/Frameworks/XCTest.framework; sourceTree = DEVELOPER_DIR; };
		F4AFD26B27A164FC00701EE8 /* Coordinator.swift */ = {isa = PBXFileReference; lastKnownFileType = sourcecode.swift; path = Coordinator.swift; sourceTree = "<group>"; };
		F4AFD26D27A169E100701EE8 /* FeedsVC.swift */ = {isa = PBXFileReference; lastKnownFileType = sourcecode.swift; path = FeedsVC.swift; sourceTree = "<group>"; };
		F4AFD26F27A19BC600701EE8 /* Storyboard.swift */ = {isa = PBXFileReference; lastKnownFileType = sourcecode.swift; path = Storyboard.swift; sourceTree = "<group>"; };
		F4B68CD827945C0800F8819F /* Stock.swift */ = {isa = PBXFileReference; lastKnownFileType = sourcecode.swift; path = Stock.swift; sourceTree = "<group>"; };
		F4B68CDA27945C1600F8819F /* StockViewModel.swift */ = {isa = PBXFileReference; lastKnownFileType = sourcecode.swift; path = StockViewModel.swift; sourceTree = "<group>"; };
		F4B68CDD27945C6E00F8819F /* Webservice.swift */ = {isa = PBXFileReference; fileEncoding = 4; lastKnownFileType = sourcecode.swift; path = Webservice.swift; sourceTree = "<group>"; };
		F4B68CDF27945CBE00F8819F /* StockListViewModel.swift */ = {isa = PBXFileReference; lastKnownFileType = sourcecode.swift; path = StockListViewModel.swift; sourceTree = "<group>"; };
		F59CFDE71F1F641E80770249 /* Pods-StockApp.release.xcconfig */ = {isa = PBXFileReference; includeInIndex = 1; lastKnownFileType = text.xcconfig; name = "Pods-StockApp.release.xcconfig"; path = "Target Support Files/Pods-StockApp/Pods-StockApp.release.xcconfig"; sourceTree = "<group>"; };
/* End PBXFileReference section */

/* Begin PBXFrameworksBuildPhase section */
		F40AC05B2792D6C8004A73F9 /* Frameworks */ = {
			isa = PBXFrameworksBuildPhase;
			buildActionMask = 2147483647;
			files = (
				338A6965D0171B89103FA903 /* Pods_StockApp.framework in Frameworks */,
			);
			runOnlyForDeploymentPostprocessing = 0;
		};
/* End PBXFrameworksBuildPhase section */

/* Begin PBXGroup section */
		980CA528AF061683C1342664 /* Pods */ = {
			isa = PBXGroup;
			children = (
				9E03658C062D146763EFC779 /* Pods-StockApp.debug.xcconfig */,
				F59CFDE71F1F641E80770249 /* Pods-StockApp.release.xcconfig */,
			);
			path = Pods;
			sourceTree = "<group>";
		};
		DB2743E0D93073511E28EAAF /* Frameworks */ = {
			isa = PBXGroup;
			children = (
				F4A5BAD627A7F3D20002F86C /* XCTest.framework */,
				B601233370397BB208D854F3 /* Pods_StockApp.framework */,
			);
			name = Frameworks;
			sourceTree = "<group>";
		};
		F40AC0552792D6C8004A73F9 = {
			isa = PBXGroup;
			children = (
				F40AC0602792D6C9004A73F9 /* StockApp */,
				F40AC05F2792D6C9004A73F9 /* Products */,
				980CA528AF061683C1342664 /* Pods */,
				DB2743E0D93073511E28EAAF /* Frameworks */,
			);
			sourceTree = "<group>";
		};
		F40AC05F2792D6C9004A73F9 /* Products */ = {
			isa = PBXGroup;
			children = (
				F40AC05E2792D6C9004A73F9 /* StockApp.app */,
			);
			name = Products;
			sourceTree = "<group>";
		};
		F40AC0602792D6C9004A73F9 /* StockApp */ = {
			isa = PBXGroup;
			children = (
				F49253B827A67BB100ED93ED /* Bootstrap */,
				F49253B927A67BCA00ED93ED /* Coordinator */,
				F49253B727A67BA100ED93ED /* Controllers */,
				F4B68CDC27945C6E00F8819F /* API's */,
				F40AC0752792D73B004A73F9 /* ViewModel */,
				F40AC0762792D74A004A73F9 /* Model */,
				F49253B627A67B8000ED93ED /* StoryBoard */,
				F49253BA27A67BEA00ED93ED /* Design */,
				F49253BB27A67BFC00ED93ED /* TestCases */,
				F40AC06F2792D6CB004A73F9 /* Info.plist */,
			);
			path = StockApp;
			sourceTree = "<group>";
		};
		F40AC0752792D73B004A73F9 /* ViewModel */ = {
			isa = PBXGroup;
			children = (
				F4B68CDF27945CBE00F8819F /* StockListViewModel.swift */,
				F4B68CDA27945C1600F8819F /* StockViewModel.swift */,
			);
			path = ViewModel;
			sourceTree = "<group>";
		};
		F40AC0762792D74A004A73F9 /* Model */ = {
			isa = PBXGroup;
			children = (
				F4B68CD827945C0800F8819F /* Stock.swift */,
			);
			path = Model;
			sourceTree = "<group>";
		};
		F49253B627A67B8000ED93ED /* StoryBoard */ = {
			isa = PBXGroup;
			children = (
				F40AC06C2792D6CB004A73F9 /* LaunchScreen.storyboard */,
				F40AC0672792D6C9004A73F9 /* Main.storyboard */,
			);
			path = StoryBoard;
			sourceTree = "<group>";
		};
		F49253B727A67BA100ED93ED /* Controllers */ = {
			isa = PBXGroup;
			children = (
				F40AC0652792D6C9004A73F9 /* HomeVC.swift */,
				F4AFD26D27A169E100701EE8 /* FeedsVC.swift */,
			);
			path = Controllers;
			sourceTree = "<group>";
		};
		F49253B827A67BB100ED93ED /* Bootstrap */ = {
			isa = PBXGroup;
			children = (
				F40AC0612792D6C9004A73F9 /* AppDelegate.swift */,
				F40AC0632792D6C9004A73F9 /* SceneDelegate.swift */,
			);
			path = Bootstrap;
			sourceTree = "<group>";
		};
		F49253B927A67BCA00ED93ED /* Coordinator */ = {
			isa = PBXGroup;
			children = (
				F4AFD26B27A164FC00701EE8 /* Coordinator.swift */,
				F4AFD26F27A19BC600701EE8 /* Storyboard.swift */,
			);
			path = Coordinator;
			sourceTree = "<group>";
		};
		F49253BA27A67BEA00ED93ED /* Design */ = {
			isa = PBXGroup;
			children = (
				F40AC06A2792D6CB004A73F9 /* Assets.xcassets */,
			);
			path = Design;
			sourceTree = "<group>";
		};
		F49253BB27A67BFC00ED93ED /* TestCases */ = {
			isa = PBXGroup;
			children = (
				F49253BC27A67C4300ED93ED /* StockListModelTest.swift */,
			);
			path = TestCases;
			sourceTree = "<group>";
		};
		F4B68CDC27945C6E00F8819F /* API's */ = {
			isa = PBXGroup;
			children = (
				F4B68CDD27945C6E00F8819F /* Webservice.swift */,
			);
			path = "API's";
			sourceTree = "<group>";
		};
/* End PBXGroup section */

/* Begin PBXNativeTarget section */
		F40AC05D2792D6C8004A73F9 /* StockApp */ = {
			isa = PBXNativeTarget;
			buildConfigurationList = F40AC0722792D6CB004A73F9 /* Build configuration list for PBXNativeTarget "StockApp" */;
			buildPhases = (
				ABCC06113D82482340D4EB7C /* [CP] Check Pods Manifest.lock */,
				F40AC05A2792D6C8004A73F9 /* Sources */,
				F40AC05B2792D6C8004A73F9 /* Frameworks */,
				F40AC05C2792D6C8004A73F9 /* Resources */,
				F18D6E0E84ACFDF2F5DB8ADC /* [CP] Embed Pods Frameworks */,
			);
			buildRules = (
			);
			dependencies = (
			);
			name = StockApp;
			productName = StockApp;
			productReference = F40AC05E2792D6C9004A73F9 /* StockApp.app */;
			productType = "com.apple.product-type.application";
		};
/* End PBXNativeTarget section */

/* Begin PBXProject section */
		F40AC0562792D6C8004A73F9 /* Project object */ = {
			isa = PBXProject;
			attributes = {
				BuildIndependentTargetsInParallel = 1;
				LastSwiftUpdateCheck = 1320;
				LastUpgradeCheck = 1320;
				TargetAttributes = {
					F40AC05D2792D6C8004A73F9 = {
						CreatedOnToolsVersion = 13.2.1;
					};
				};
			};
			buildConfigurationList = F40AC0592792D6C8004A73F9 /* Build configuration list for PBXProject "StockApp" */;
			compatibilityVersion = "Xcode 13.0";
			developmentRegion = en;
			hasScannedForEncodings = 0;
			knownRegions = (
				en,
				Base,
			);
			mainGroup = F40AC0552792D6C8004A73F9;
			productRefGroup = F40AC05F2792D6C9004A73F9 /* Products */;
			projectDirPath = "";
			projectRoot = "";
			targets = (
				F40AC05D2792D6C8004A73F9 /* StockApp */,
			);
		};
/* End PBXProject section */

/* Begin PBXResourcesBuildPhase section */
		F40AC05C2792D6C8004A73F9 /* Resources */ = {
			isa = PBXResourcesBuildPhase;
			buildActionMask = 2147483647;
			files = (
				F40AC06E2792D6CB004A73F9 /* LaunchScreen.storyboard in Resources */,
				F40AC06B2792D6CB004A73F9 /* Assets.xcassets in Resources */,
				F40AC0692792D6C9004A73F9 /* Main.storyboard in Resources */,
			);
			runOnlyForDeploymentPostprocessing = 0;
		};
/* End PBXResourcesBuildPhase section */

/* Begin PBXShellScriptBuildPhase section */
		ABCC06113D82482340D4EB7C /* [CP] Check Pods Manifest.lock */ = {
			isa = PBXShellScriptBuildPhase;
			buildActionMask = 2147483647;
			files = (
			);
			inputFileListPaths = (
			);
			inputPaths = (
				"${PODS_PODFILE_DIR_PATH}/Podfile.lock",
				"${PODS_ROOT}/Manifest.lock",
			);
			name = "[CP] Check Pods Manifest.lock";
			outputFileListPaths = (
			);
			outputPaths = (
				"$(DERIVED_FILE_DIR)/Pods-StockApp-checkManifestLockResult.txt",
			);
			runOnlyForDeploymentPostprocessing = 0;
			shellPath = /bin/sh;
			shellScript = "diff \"${PODS_PODFILE_DIR_PATH}/Podfile.lock\" \"${PODS_ROOT}/Manifest.lock\" > /dev/null\nif [ $? != 0 ] ; then\n    # print error to STDERR\n    echo \"error: The sandbox is not in sync with the Podfile.lock. Run 'pod install' or update your CocoaPods installation.\" >&2\n    exit 1\nfi\n# This output is used by Xcode 'outputs' to avoid re-running this script phase.\necho \"SUCCESS\" > \"${SCRIPT_OUTPUT_FILE_0}\"\n";
			showEnvVarsInLog = 0;
		};
		F18D6E0E84ACFDF2F5DB8ADC /* [CP] Embed Pods Frameworks */ = {
			isa = PBXShellScriptBuildPhase;
			buildActionMask = 2147483647;
			files = (
			);
			inputFileListPaths = (
				"${PODS_ROOT}/Target Support Files/Pods-StockApp/Pods-StockApp-frameworks-${CONFIGURATION}-input-files.xcfilelist",
			);
			name = "[CP] Embed Pods Frameworks";
			outputFileListPaths = (
				"${PODS_ROOT}/Target Support Files/Pods-StockApp/Pods-StockApp-frameworks-${CONFIGURATION}-output-files.xcfilelist",
			);
			runOnlyForDeploymentPostprocessing = 0;
			shellPath = /bin/sh;
			shellScript = "\"${PODS_ROOT}/Target Support Files/Pods-StockApp/Pods-StockApp-frameworks.sh\"\n";
			showEnvVarsInLog = 0;
		};
/* End PBXShellScriptBuildPhase section */

/* Begin PBXSourcesBuildPhase section */
		F40AC05A2792D6C8004A73F9 /* Sources */ = {
			isa = PBXSourcesBuildPhase;
			buildActionMask = 2147483647;
			files = (
				F4AFD26C27A164FC00701EE8 /* Coordinator.swift in Sources */,
				F40AC0662792D6C9004A73F9 /* HomeVC.swift in Sources */,
				F4B68CE027945CBE00F8819F /* StockListViewModel.swift in Sources */,
				F4B68CDB27945C1600F8819F /* StockViewModel.swift in Sources */,
				F4B68CDE27945C6E00F8819F /* Webservice.swift in Sources */,
				F40AC0622792D6C9004A73F9 /* AppDelegate.swift in Sources */,
				F49253BD27A67C4300ED93ED /* StockListModelTest.swift in Sources */,
				F4AFD27027A19BC600701EE8 /* Storyboard.swift in Sources */,
				F4AFD26E27A169E100701EE8 /* FeedsVC.swift in Sources */,
				F4B68CD927945C0800F8819F /* Stock.swift in Sources */,
				F40AC0642792D6C9004A73F9 /* SceneDelegate.swift in Sources */,
			);
			runOnlyForDeploymentPostprocessing = 0;
		};
/* End PBXSourcesBuildPhase section */

/* Begin PBXVariantGroup section */
		F40AC0672792D6C9004A73F9 /* Main.storyboard */ = {
			isa = PBXVariantGroup;
			children = (
				F40AC0682792D6C9004A73F9 /* Base */,
			);
			name = Main.storyboard;
			sourceTree = "<group>";
		};
		F40AC06C2792D6CB004A73F9 /* LaunchScreen.storyboard */ = {
			isa = PBXVariantGroup;
			children = (
				F40AC06D2792D6CB004A73F9 /* Base */,
			);
			name = LaunchScreen.storyboard;
			sourceTree = "<group>";
		};
/* End PBXVariantGroup section */

/* Begin XCBuildConfiguration section */
		F40AC0702792D6CB004A73F9 /* Debug */ = {
			isa = XCBuildConfiguration;
			buildSettings = {
				ALWAYS_SEARCH_USER_PATHS = NO;
				CLANG_ANALYZER_NONNULL = YES;
				CLANG_ANALYZER_NUMBER_OBJECT_CONVERSION = YES_AGGRESSIVE;
				CLANG_CXX_LANGUAGE_STANDARD = "gnu++17";
				CLANG_CXX_LIBRARY = "libc++";
				CLANG_ENABLE_MODULES = YES;
				CLANG_ENABLE_OBJC_ARC = YES;
				CLANG_ENABLE_OBJC_WEAK = YES;
				CLANG_WARN_BLOCK_CAPTURE_AUTORELEASING = YES;
				CLANG_WARN_BOOL_CONVERSION = YES;
				CLANG_WARN_COMMA = YES;
				CLANG_WARN_CONSTANT_CONVERSION = YES;
				CLANG_WARN_DEPRECATED_OBJC_IMPLEMENTATIONS = YES;
				CLANG_WARN_DIRECT_OBJC_ISA_USAGE = YES_ERROR;
				CLANG_WARN_DOCUMENTATION_COMMENTS = YES;
				CLANG_WARN_EMPTY_BODY = YES;
				CLANG_WARN_ENUM_CONVERSION = YES;
				CLANG_WARN_INFINITE_RECURSION = YES;
				CLANG_WARN_INT_CONVERSION = YES;
				CLANG_WARN_NON_LITERAL_NULL_CONVERSION = YES;
				CLANG_WARN_OBJC_IMPLICIT_RETAIN_SELF = YES;
				CLANG_WARN_OBJC_LITERAL_CONVERSION = YES;
				CLANG_WARN_OBJC_ROOT_CLASS = YES_ERROR;
				CLANG_WARN_QUOTED_INCLUDE_IN_FRAMEWORK_HEADER = YES;
				CLANG_WARN_RANGE_LOOP_ANALYSIS = YES;
				CLANG_WARN_STRICT_PROTOTYPES = YES;
				CLANG_WARN_SUSPICIOUS_MOVE = YES;
				CLANG_WARN_UNGUARDED_AVAILABILITY = YES_AGGRESSIVE;
				CLANG_WARN_UNREACHABLE_CODE = YES;
				CLANG_WARN__DUPLICATE_METHOD_MATCH = YES;
				COPY_PHASE_STRIP = NO;
				DEBUG_INFORMATION_FORMAT = dwarf;
				ENABLE_STRICT_OBJC_MSGSEND = YES;
				ENABLE_TESTABILITY = YES;
				GCC_C_LANGUAGE_STANDARD = gnu11;
				GCC_DYNAMIC_NO_PIC = NO;
				GCC_NO_COMMON_BLOCKS = YES;
				GCC_OPTIMIZATION_LEVEL = 0;
				GCC_PREPROCESSOR_DEFINITIONS = (
					"DEBUG=1",
					"$(inherited)",
				);
				GCC_WARN_64_TO_32_BIT_CONVERSION = YES;
				GCC_WARN_ABOUT_RETURN_TYPE = YES_ERROR;
				GCC_WARN_UNDECLARED_SELECTOR = YES;
				GCC_WARN_UNINITIALIZED_AUTOS = YES_AGGRESSIVE;
				GCC_WARN_UNUSED_FUNCTION = YES;
				GCC_WARN_UNUSED_VARIABLE = YES;
				IPHONEOS_DEPLOYMENT_TARGET = 15.2;
				MTL_ENABLE_DEBUG_INFO = INCLUDE_SOURCE;
				MTL_FAST_MATH = YES;
				ONLY_ACTIVE_ARCH = YES;
				SDKROOT = iphoneos;
				SWIFT_ACTIVE_COMPILATION_CONDITIONS = DEBUG;
				SWIFT_OPTIMIZATION_LEVEL = "-Onone";
			};
			name = Debug;
		};
		F40AC0712792D6CB004A73F9 /* Release */ = {
			isa = XCBuildConfiguration;
			buildSettings = {
				ALWAYS_SEARCH_USER_PATHS = NO;
				CLANG_ANALYZER_NONNULL = YES;
				CLANG_ANALYZER_NUMBER_OBJECT_CONVERSION = YES_AGGRESSIVE;
				CLANG_CXX_LANGUAGE_STANDARD = "gnu++17";
				CLANG_CXX_LIBRARY = "libc++";
				CLANG_ENABLE_MODULES = YES;
				CLANG_ENABLE_OBJC_ARC = YES;
				CLANG_ENABLE_OBJC_WEAK = YES;
				CLANG_WARN_BLOCK_CAPTURE_AUTORELEASING = YES;
				CLANG_WARN_BOOL_CONVERSION = YES;
				CLANG_WARN_COMMA = YES;
				CLANG_WARN_CONSTANT_CONVERSION = YES;
				CLANG_WARN_DEPRECATED_OBJC_IMPLEMENTATIONS = YES;
				CLANG_WARN_DIRECT_OBJC_ISA_USAGE = YES_ERROR;
				CLANG_WARN_DOCUMENTATION_COMMENTS = YES;
				CLANG_WARN_EMPTY_BODY = YES;
				CLANG_WARN_ENUM_CONVERSION = YES;
				CLANG_WARN_INFINITE_RECURSION = YES;
				CLANG_WARN_INT_CONVERSION = YES;
				CLANG_WARN_NON_LITERAL_NULL_CONVERSION = YES;
				CLANG_WARN_OBJC_IMPLICIT_RETAIN_SELF = YES;
				CLANG_WARN_OBJC_LITERAL_CONVERSION = YES;
				CLANG_WARN_OBJC_ROOT_CLASS = YES_ERROR;
				CLANG_WARN_QUOTED_INCLUDE_IN_FRAMEWORK_HEADER = YES;
				CLANG_WARN_RANGE_LOOP_ANALYSIS = YES;
				CLANG_WARN_STRICT_PROTOTYPES = YES;
				CLANG_WARN_SUSPICIOUS_MOVE = YES;
				CLANG_WARN_UNGUARDED_AVAILABILITY = YES_AGGRESSIVE;
				CLANG_WARN_UNREACHABLE_CODE = YES;
				CLANG_WARN__DUPLICATE_METHOD_MATCH = YES;
				COPY_PHASE_STRIP = NO;
				DEBUG_INFORMATION_FORMAT = "dwarf-with-dsym";
				ENABLE_NS_ASSERTIONS = NO;
				ENABLE_STRICT_OBJC_MSGSEND = YES;
				GCC_C_LANGUAGE_STANDARD = gnu11;
				GCC_NO_COMMON_BLOCKS = YES;
				GCC_WARN_64_TO_32_BIT_CONVERSION = YES;
				GCC_WARN_ABOUT_RETURN_TYPE = YES_ERROR;
				GCC_WARN_UNDECLARED_SELECTOR = YES;
				GCC_WARN_UNINITIALIZED_AUTOS = YES_AGGRESSIVE;
				GCC_WARN_UNUSED_FUNCTION = YES;
				GCC_WARN_UNUSED_VARIABLE = YES;
				IPHONEOS_DEPLOYMENT_TARGET = 15.2;
				MTL_ENABLE_DEBUG_INFO = NO;
				MTL_FAST_MATH = YES;
				SDKROOT = iphoneos;
				SWIFT_COMPILATION_MODE = wholemodule;
				SWIFT_OPTIMIZATION_LEVEL = "-O";
				VALIDATE_PRODUCT = YES;
			};
			name = Release;
		};
		F40AC0732792D6CB004A73F9 /* Debug */ = {
			isa = XCBuildConfiguration;
			baseConfigurationReference = 9E03658C062D146763EFC779 /* Pods-StockApp.debug.xcconfig */;
			buildSettings = {
				ASSETCATALOG_COMPILER_APPICON_NAME = AppIcon;
				ASSETCATALOG_COMPILER_GLOBAL_ACCENT_COLOR_NAME = AccentColor;
				CODE_SIGN_STYLE = Automatic;
				CURRENT_PROJECT_VERSION = 1;
				DEVELOPMENT_TEAM = NWF9J4ZRRH;
				GENERATE_INFOPLIST_FILE = YES;
				INFOPLIST_FILE = StockApp/Info.plist;
				INFOPLIST_KEY_UIApplicationSupportsIndirectInputEvents = YES;
				INFOPLIST_KEY_UILaunchStoryboardName = LaunchScreen;
				INFOPLIST_KEY_UIMainStoryboardFile = Main;
				INFOPLIST_KEY_UISupportedInterfaceOrientations_iPad = "UIInterfaceOrientationPortrait UIInterfaceOrientationPortraitUpsideDown UIInterfaceOrientationLandscapeLeft UIInterfaceOrientationLandscapeRight";
				INFOPLIST_KEY_UISupportedInterfaceOrientations_iPhone = "UIInterfaceOrientationPortrait UIInterfaceOrientationLandscapeLeft UIInterfaceOrientationLandscapeRight";
				LD_RUNPATH_SEARCH_PATHS = (
					"$(inherited)",
					"@executable_path/Frameworks",
				);
				MARKETING_VERSION = 1.0;
				PRODUCT_BUNDLE_IDENTIFIER = Gaurav.StockApp;
				PRODUCT_NAME = "$(TARGET_NAME)";
				SWIFT_EMIT_LOC_STRINGS = YES;
				SWIFT_VERSION = 5.0;
				TARGETED_DEVICE_FAMILY = "1,2";
			};
			name = Debug;
		};
		F40AC0742792D6CB004A73F9 /* Release */ = {
			isa = XCBuildConfiguration;
			baseConfigurationReference = F59CFDE71F1F641E80770249 /* Pods-StockApp.release.xcconfig */;
			buildSettings = {
				ASSETCATALOG_COMPILER_APPICON_NAME = AppIcon;
				ASSETCATALOG_COMPILER_GLOBAL_ACCENT_COLOR_NAME = AccentColor;
				CODE_SIGN_STYLE = Automatic;
				CURRENT_PROJECT_VERSION = 1;
				DEVELOPMENT_TEAM = NWF9J4ZRRH;
				GENERATE_INFOPLIST_FILE = YES;
				INFOPLIST_FILE = StockApp/Info.plist;
				INFOPLIST_KEY_UIApplicationSupportsIndirectInputEvents = YES;
				INFOPLIST_KEY_UILaunchStoryboardName = LaunchScreen;
				INFOPLIST_KEY_UIMainStoryboardFile = Main;
				INFOPLIST_KEY_UISupportedInterfaceOrientations_iPad = "UIInterfaceOrientationPortrait UIInterfaceOrientationPortraitUpsideDown UIInterfaceOrientationLandscapeLeft UIInterfaceOrientationLandscapeRight";
				INFOPLIST_KEY_UISupportedInterfaceOrientations_iPhone = "UIInterfaceOrientationPortrait UIInterfaceOrientationLandscapeLeft UIInterfaceOrientationLandscapeRight";
				LD_RUNPATH_SEARCH_PATHS = (
					"$(inherited)",
					"@executable_path/Frameworks",
				);
				MARKETING_VERSION = 1.0;
				PRODUCT_BUNDLE_IDENTIFIER = Gaurav.StockApp;
				PRODUCT_NAME = "$(TARGET_NAME)";
				SWIFT_EMIT_LOC_STRINGS = YES;
				SWIFT_VERSION = 5.0;
				TARGETED_DEVICE_FAMILY = "1,2";
			};
			name = Release;
		};
/* End XCBuildConfiguration section */

/* Begin XCConfigurationList section */
		F40AC0592792D6C8004A73F9 /* Build configuration list for PBXProject "StockApp" */ = {
			isa = XCConfigurationList;
			buildConfigurations = (
				F40AC0702792D6CB004A73F9 /* Debug */,
				F40AC0712792D6CB004A73F9 /* Release */,
			);
			defaultConfigurationIsVisible = 0;
			defaultConfigurationName = Release;
		};
		F40AC0722792D6CB004A73F9 /* Build configuration list for PBXNativeTarget "StockApp" */ = {
			isa = XCConfigurationList;
			buildConfigurations = (
				F40AC0732792D6CB004A73F9 /* Debug */,
				F40AC0742792D6CB004A73F9 /* Release */,
			);
			defaultConfigurationIsVisible = 0;
			defaultConfigurationName = Release;
		};
/* End XCConfigurationList section */
	};
	rootObject = F40AC0562792D6C8004A73F9 /* Project object */;
}
